
Microsoft Visual Studio Solution File, Format Version 12.00
# Visual Studio Version 17
VisualStudioVersion = 17.2.32616.157
MinimumVisualStudioVersion = 10.0.40219.1
Project("{FAE04EC0-301F-11D3-BF4B-00C04F79EFBC}") = "LINELoginOIDCDemo_MVC5", "LINELoginOIDCDemo_MVC5.csproj", "{0E6429A7-5B68-47F4-87F9-EF27EA75F0B2}"
EndProject
Global
	GlobalSection(SolutionConfigurationPlatforms) = preSolution
		Debug|Any CPU = Debug|Any CPU
		Release|Any CPU = Release|Any CPU
	EndGlobalSection
	GlobalSection(ProjectConfigurationPlatforms) = postSolution
		{0E6429A7-5B68-47F4-87F9-EF27EA75F0B2}.Debug|Any CPU.ActiveCfg = Debug|Any CPU
		{0E6429A7-5B68-47F4-87F9-EF27EA75F0B2}.Debug|Any CPU.Build.0 = Debug|Any CPU
		{0E6429A7-5B68-47F4-87F9-EF27EA75F0B2}.Release|Any CPU.ActiveCfg = Release|Any CPU
		{0E6429A7-5B68-47F4-87F9-EF27EA75F0B2}.Release|Any CPU.Build.0 = Release|Any CPU
	EndGlobalSection
	GlobalSection(SolutionProperties) = preSolution
		HideSolutionNode = FALSE
	EndGlobalSection
	GlobalSection(ExtensibilityGlobals) = postSolution
		SolutionGuid = {12DF00A5-16A9-4CBC-8685-25E557303CE3}
	EndGlobalSection
EndGlobal
